
Microsoft Visual Studio Solution File, Format Version 12.00
# Visual Studio Version 17
VisualStudioVersion = 17.7.34031.279
MinimumVisualStudioVersion = 10.0.40219.1
Project("{FAE04EC0-301F-11D3-BF4B-00C04F79EFBC}") = "Add_chrome_form", "Add_chrome_form\Add_chrome_form.csproj", "{4207833B-19FE-44B9-A190-3B680F6EFBA7}"
EndProject
Global
	GlobalSection(SolutionConfigurationPlatforms) = preSolution
		Debug|Any CPU = Debug|Any CPU
		Release|Any CPU = Release|Any CPU
	EndGlobalSection
	GlobalSection(ProjectConfigurationPlatforms) = postSolution
		{4207833B-19FE-44B9-A190-3B680F6EFBA7}.Debug|Any CPU.ActiveCfg = Debug|Any CPU
		{4207833B-19FE-44B9-A190-3B680F6EFBA7}.Debug|Any CPU.Build.0 = Debug|Any CPU
		{4207833B-19FE-44B9-A190-3B680F6EFBA7}.Release|Any CPU.ActiveCfg = Release|Any CPU
		{4207833B-19FE-44B9-A190-3B680F6EFBA7}.Release|Any CPU.Build.0 = Release|Any CPU
	EndGlobalSection
	GlobalSection(SolutionProperties) = preSolution
		HideSolutionNode = FALSE
	EndGlobalSection
	GlobalSection(ExtensibilityGlobals) = postSolution
		SolutionGuid = {5E29BB48-80B8-455C-82F8-3E918E4985A3}
	EndGlobalSection
EndGlobal
